# Every rule identifier ever issued, one per line, with the family it belongs to.
# Append-only. Identifiers are never renumbered and never reused, including after
# a rule is withdrawn. CI fails if an identifier here has no rule file, or if a
# rule file carries an identifier that is not here.
#
# Format: <ID> <FAMILY> [withdrawn]

STORE-1 GR-STORE
STORE-2 GR-STORE
STORE-3 GR-STORE
STORE-4 GR-STORE
STORE-5 GR-STORE
STORE-7 GR-STORE
STORE-9 GR-STORE
STORE-10 GR-STORE
STORE-11 GR-STORE
STORE-12 GR-STORE
STORE-13 GR-STORE
STORE-14 GR-STORE
API-1 GR-API
API-2 GR-API
API-3 GR-API
API-4 GR-API
API-5 GR-API
API-6 GR-API
API-7 GR-API
API-8 GR-API
R5.a GR-VAL
R5.b GR-VAL
R5.c GR-VAL
R1.a GR-VAL
R1.b GR-VAL
R1.c GR-VAL
R6.b GR-VAL
R6.c GR-VAL
R6.d GR-VAL
R6.e GR-VAL
R6.f GR-VAL
R6.g GR-VAL
R6.h GR-VAL
R6.i GR-VAL
R6.j GR-VAL
R6.l GR-VAL
R6.k GR-VAL
R8.a GR-VAL
R8.b GR-VAL
R8.c GR-VAL
R7.a GR-VAL
R7.b GR-VAL
R7.c GR-VAL
R7.d GR-VAL
R7.e/f GR-VAL
R4.a GR-VAL
R4.b GR-VAL
R4.c GR-VAL
R4.d GR-VAL
R4.e GR-VAL
W-T GR-VAL
VAL-LAUNCH GR-VAL
R2 GR-VAL
R3 GR-VAL
R9 GR-VAL
R10 GR-VAL
R11 GR-VAL
R12 GR-VAL
R13 GR-VAL
EDGE-1 GR-EDGE
EDGE-2 GR-EDGE
EDGE-3 GR-EDGE
EDGE-4 GR-EDGE
EDGE-5 GR-EDGE
EDGE-6 GR-EDGE
EDGE-7 GR-EDGE
EDGE-8 GR-EDGE
EDGE-9 GR-EDGE
SCH-1 GR-SCHEMA
SCH-2 GR-SCHEMA
SCH-3 GR-SCHEMA
SCH-4 GR-SCHEMA
SCH-5 GR-SCHEMA
SCH-6 GR-SCHEMA
SCH-7 GR-SCHEMA
SCH-8 GR-SCHEMA
SCH-9 GR-SCHEMA
SCH-10 GR-SCHEMA
SCH-10.a GR-SCHEMA
SCH-11 GR-SCHEMA
SCH-12 GR-SCHEMA
SCH-13 GR-SCHEMA
SCH-14 GR-SCHEMA
SCH-15 GR-SCHEMA
SCH-16 GR-SCHEMA
SCH-17 GR-SCHEMA
SCH-18 GR-SCHEMA
SCH-19 GR-SCHEMA
SCH-20 GR-SCHEMA
SCH-21 GR-SCHEMA
SCH-22 GR-SCHEMA
SCH-23 GR-SCHEMA
SCH-25 GR-SCHEMA
SCH-26 GR-SCHEMA
SCH-27 GR-SCHEMA
SCH-28 GR-SCHEMA
SCH-29 GR-SCHEMA
SCH-31 GR-SCHEMA
SCH-32 GR-SCHEMA
SCH-33 GR-SCHEMA
SCH-34 GR-SCHEMA
SCH-35 GR-SCHEMA
SCH-36 GR-SCHEMA
SCH-37 GR-SCHEMA
SCH-38 GR-SCHEMA
SCH-38.a GR-SCHEMA
SCH-39 GR-SCHEMA
SCH-40 GR-SCHEMA
SCH-41 GR-SCHEMA
SCH-42 GR-SCHEMA
SCH-43 GR-SCHEMA
SCH-44 GR-SCHEMA
SCH-46 GR-SCHEMA
CFG-1 GR-CFG
CFG-2 GR-CFG
CFG-3 GR-CFG
CFG-4 GR-CFG
CFG-5 GR-CFG
CFG-6 GR-CFG
CFG-7 GR-CFG
CFG-8 GR-CFG
CFG-9 GR-CFG
CFG-10 GR-CFG
CFG-11 GR-CFG
CFG-12 GR-CFG
CFG-13 GR-CFG
CFG-14 GR-CFG
CFG-15 GR-CFG
CFG-16 GR-CFG
CFG-17 GR-CFG
CFG-18 GR-CFG
EXPO-1 GR-EXPO
EXPO-2 GR-EXPO
EXPO-3 GR-EXPO
EXPO-4 GR-EXPO
EXPO-5 GR-EXPO
EXPO-6 GR-EXPO
EXPO-7 GR-EXPO
EXPO-8 GR-EXPO
EXPO-10 GR-EXPO
EXPO-11 GR-EXPO
EXPO-12 GR-EXPO
EXPO-13 GR-EXPO
EXPO-14 GR-EXPO
EXPO-15 GR-EXPO
EXPO-17 GR-EXPO
DYN-1 GR-DYN
DYN-2 GR-DYN
DYN-3 GR-DYN
DYN-4 GR-DYN
DYN-5 GR-DYN
DYN-6 GR-DYN
DYN-7 GR-DYN
MEM-1 GR-MEM
MEM-2 GR-MEM
MEM-3 GR-MEM
MEM-4 GR-MEM
MEM-5 GR-MEM
MEM-6 GR-MEM
MEM-7 GR-MEM
MEM-8 GR-MEM
MEM-10 GR-MEM
MEM-11 GR-MEM
MEM-12 GR-MEM
MEM-13 GR-MEM
MEM-14 GR-MEM
MEM-16 GR-MEM
MAN-1 GR-MAN
MAN-2 GR-MAN
MAN-3 GR-MAN
MAN-5 GR-MAN
MAN-6 GR-MAN
MAN-7 GR-MAN
MAN-8 GR-MAN
MAN-9 GR-MAN
MAN-10 GR-MAN
MAN-11 GR-MAN
MAN-12 GR-MAN
MAN-13 GR-MAN
MAN-14 GR-MAN
MAN-15 GR-MAN
MAN-16 GR-MAN
MAN-17 GR-MAN
MAN-18 GR-MAN
MAN-19 GR-MAN
MAN-20 GR-MAN
MAN-21 GR-MAN
LANG-1 GR-LANG
LANG-2 GR-LANG
LANG-3 GR-LANG
LANG-4 GR-LANG
LANG-6 GR-LANG
LANG-7 GR-LANG
LANG-8 GR-LANG
LANG-9 GR-LANG
LANG-10 GR-LANG
LANG-11 GR-LANG
LANG-12 GR-LANG
LANG-13 GR-LANG
LANG-14 GR-LANG
LANG-15 GR-LANG
LANG-16 GR-LANG
LANG-17 GR-LANG
LANG-18 GR-LANG
LANG-19 GR-LANG
LANG-21 GR-LANG
LANG-22 GR-LANG
LANG-23 GR-LANG
LANG-24 GR-LANG
LANG-25 GR-LANG
LANG-26 GR-LANG
LANG-27 GR-LANG
LANG-28 GR-LANG
LANG-29 GR-LANG
CMP-1 RT-CMP
CMP-2 RT-CMP
CMP-3 RT-CMP
CMP-4 RT-CMP
CMP-5 RT-CMP
CMP-6 RT-CMP
CMP-7 RT-CMP
CMP-8 RT-CMP
CMP-9 RT-CMP
CMP-10 RT-CMP
CMP-11 RT-CMP
ERR-1 RT-ERR
ERR-2 RT-ERR
ERR-3 RT-ERR
ERR-4 RT-ERR
ERR-5 RT-ERR
ERR-6 RT-ERR
ERR-7 RT-ERR
ERR-8 RT-ERR
ERR-9 RT-ERR
ERR-10 RT-ERR
ERR-11 RT-ERR
ERR-12 RT-ERR
ERR-13 RT-ERR
ORC-1 RT-ORC
ORC-2 RT-ORC
ORC-3 RT-ORC
ORC-4 RT-ORC
ORC-5 RT-ORC
ORC-7 RT-ORC
ORC-8 RT-ORC
ORC-9 RT-ORC
ORC-10 RT-ORC
ORC-11 RT-ORC
ORC-12 RT-ORC
ORC-13 RT-ORC
INT-11 RT-ORC
INT-12 RT-ORC
ORC-14 RT-ORC
ORC-15 RT-ORC
BR-1 RT-BR
BR-2 RT-BR
BR-3 RT-BR
BR-4 RT-BR
BR-5 RT-BR
BR-6 RT-BR
BR-7 RT-BR
DATA-1 RT-DATA
DATA-2 RT-DATA
DATA-3 RT-DATA
DATA-4 RT-DATA
DATA-5 RT-DATA
DATA-6 RT-DATA
DATA-7 RT-DATA
DATA-8 RT-DATA
DATA-9 RT-DATA
DATA-10 RT-DATA
DATA-11 RT-DATA
DATA-12 RT-DATA
INT-1 RT-INT
INT-2 RT-INT
INT-3 RT-INT
INT-4 RT-INT
INT-5 RT-INT
INT-6 RT-INT
INT-7 RT-INT
INT-8 RT-INT
INT-9 RT-INT
INT-10 RT-INT
INT-13 RT-INT
INT-14 RT-INT
INT-15 RT-INT
INT-16 RT-INT
INT-17 RT-INT
INT-18 RT-INT
INT-19 RT-INT
INT-20 RT-INT
INT-22 RT-INT
INT-23 RT-INT
RT-GATE-1 RT-GATE
RT-GATE-2 RT-GATE
RT-GATE-3 RT-GATE
RT-GATE-4 RT-GATE
RT-GATE-5 RT-GATE
RT-GATE-6 RT-GATE
RT-GATE-7 RT-GATE
RT-GATE-8 RT-GATE
RT-GATE-9 RT-GATE
RT-GATE-11 RT-GATE
RT-GATE-12 RT-GATE
RT-GATE-13 RT-GATE
RT-GATE-14 RT-GATE
RT-GATE-15 RT-GATE
RT-TOOL-1 RT-TOOL
RT-TOOL-2 RT-TOOL
RT-TOOL-3 RT-TOOL
RT-TOOL-4 RT-TOOL
RT-TOOL-6 RT-TOOL
RT-TOOL-7 RT-TOOL
RT-TOOL-8 RT-TOOL
RT-TOOL-9 RT-TOOL
RT-TOOL-10 RT-TOOL
SG-1 RT-SG
SG-2 RT-SG
SG-3 RT-SG
SG-4 RT-SG
SG-5 RT-SG
SG-6 RT-SG
SG-7 RT-SG
SG-8 RT-SG
SG-9 RT-SG
SG-10 RT-SG
SG-11 RT-SG
SG-12 RT-SG
SG-13 RT-SG
SG-14 RT-SG
SG-15 RT-SG
SG-16 RT-SG
SG-17 RT-SG
SG-18 RT-SG
SG-19 RT-SG
SG-20 RT-SG
PIPE-1 RT-PIPE
PIPE-2 RT-PIPE
PIPE-3 RT-PIPE
PIPE-4 RT-PIPE
PIPE-5 RT-PIPE
PIPE-6 RT-PIPE
PIPE-7 RT-PIPE
PIPE-8 RT-PIPE
PIPE-9 RT-PIPE
PLAY-1 RT-PLAY
PLAY-2 RT-PLAY
PLAY-3 RT-PLAY
PLAY-4 RT-PLAY
PLAY-5 RT-PLAY
SNAP-1 RT-SNAP
SNAP-2 RT-SNAP
META-1 RT-META
META-3 RT-META
META-4 RT-META
META-5 RT-META
META-6 RT-META
META-7 RT-META
META-8 RT-META
META-9 RT-META
OCX-1 RT-OCX
OCX-2 RT-OCX
OCX-3 RT-OCX
OCX-4 RT-OCX
OCX-6 RT-OCX
OCX-7 RT-OCX
OCX-8 RT-OCX
OCX-9 RT-OCX
NET-1 RT-NET
NET-2 RT-NET
NET-3 RT-NET
MD-1 RT-MD
MD-2 RT-MD
CRON-1 RT-CRON
CRON-2 RT-CRON
TRIG-1 RT-TRIG
TRIG-2 RT-TRIG
TRIG-3 RT-TRIG
ST-1 RT-ST
ST-2 RT-ST
ST-3 RT-ST
ST-4 RT-ST
ST-5 RT-ST
ST-6 RT-ST
ST-7 RT-ST
ST-8 RT-ST
ST-9 RT-ST

# Issued 2026-08-25 by the rulings on the P0 deferral list.
STORE-6 GR-STORE
STORE-8 GR-STORE
STORE-15 GR-STORE
R6.a GR-VAL
LANG-20 GR-LANG
SCH-24 GR-SCHEMA
SCH-45 GR-SCHEMA
MEM-9 GR-MEM
MEM-15 GR-MEM
EXPO-16 GR-EXPO
RT-TOOL-5 RT-TOOL
OCX-5 RT-OCX

